%{"dictionary": {:git, "https://github.com/dgilperez/dictionary.git", "f24a299d367496949f2f796b75fe205e1b61853c", []},
  "hangman": {:git, "https://github.com/dgilperez/hangman.git", "2765c0e8a09a5d2ca89b5f047e23f6d2b8fe9b4c", []},
  "inflex": {:hex, :inflex, "1.8.1", "9fa9684ff1a872eab7415c0be500cc1b7782f28da6ed75423081e75f92831b1c", [], [], "hexpm"}}
